
Microsoft Visual Studio Solution File, Format Version 12.00
# Visual Studio Version 17
VisualStudioVersion = 17.6.33712.159
MinimumVisualStudioVersion = 10.0.40219.1
Project("{FAE04EC0-301F-11D3-BF4B-00C04F79EFBC}") = "hashset_example", "hashset_example\hashset_example.csproj", "{D6FD4D62-E6CC-4803-980E-BB83C425046F}"
EndProject
Project("{FAE04EC0-301F-11D3-BF4B-00C04F79EFBC}") = "stack_example", "stack_example\stack_example.csproj", "{8D530012-63AF-4FB2-A603-D5DDB965DFE9}"
EndProject
Project("{FAE04EC0-301F-11D3-BF4B-00C04F79EFBC}") = "queue_example", "queue_example\queue_example.csproj", "{0CCDB4F1-8610-4E8E-ABA0-F554C0359D73}"
EndProject
Project("{FAE04EC0-301F-11D3-BF4B-00C04F79EFBC}") = "dictionary_example", "dictionary_example\dictionary_example.csproj", "{D54DF738-651C-405E-8033-9297580ED195}"
EndProject
Global
	GlobalSection(SolutionConfigurationPlatforms) = preSolution
		Debug|Any CPU = Debug|Any CPU
		Release|Any CPU = Release|Any CPU
	EndGlobalSection
	GlobalSection(ProjectConfigurationPlatforms) = postSolution
		{D6FD4D62-E6CC-4803-980E-BB83C425046F}.Debug|Any CPU.ActiveCfg = Debug|Any CPU
		{D6FD4D62-E6CC-4803-980E-BB83C425046F}.Debug|Any CPU.Build.0 = Debug|Any CPU
		{D6FD4D62-E6CC-4803-980E-BB83C425046F}.Release|Any CPU.ActiveCfg = Release|Any CPU
		{D6FD4D62-E6CC-4803-980E-BB83C425046F}.Release|Any CPU.Build.0 = Release|Any CPU
		{8D530012-63AF-4FB2-A603-D5DDB965DFE9}.Debug|Any CPU.ActiveCfg = Debug|Any CPU
		{8D530012-63AF-4FB2-A603-D5DDB965DFE9}.Debug|Any CPU.Build.0 = Debug|Any CPU
		{8D530012-63AF-4FB2-A603-D5DDB965DFE9}.Release|Any CPU.ActiveCfg = Release|Any CPU
		{8D530012-63AF-4FB2-A603-D5DDB965DFE9}.Release|Any CPU.Build.0 = Release|Any CPU
		{0CCDB4F1-8610-4E8E-ABA0-F554C0359D73}.Debug|Any CPU.ActiveCfg = Debug|Any CPU
		{0CCDB4F1-8610-4E8E-ABA0-F554C0359D73}.Debug|Any CPU.Build.0 = Debug|Any CPU
		{0CCDB4F1-8610-4E8E-ABA0-F554C0359D73}.Release|Any CPU.ActiveCfg = Release|Any CPU
		{0CCDB4F1-8610-4E8E-ABA0-F554C0359D73}.Release|Any CPU.Build.0 = Release|Any CPU
		{D54DF738-651C-405E-8033-9297580ED195}.Debug|Any CPU.ActiveCfg = Debug|Any CPU
		{D54DF738-651C-405E-8033-9297580ED195}.Debug|Any CPU.Build.0 = Debug|Any CPU
		{D54DF738-651C-405E-8033-9297580ED195}.Release|Any CPU.ActiveCfg = Release|Any CPU
		{D54DF738-651C-405E-8033-9297580ED195}.Release|Any CPU.Build.0 = Release|Any CPU
	EndGlobalSection
	GlobalSection(SolutionProperties) = preSolution
		HideSolutionNode = FALSE
	EndGlobalSection
	GlobalSection(ExtensibilityGlobals) = postSolution
		SolutionGuid = {0764E9D7-BC52-4C52-8166-2DF93E5BEBA3}
	EndGlobalSection
EndGlobal
