
Microsoft Visual Studio Solution File, Format Version 12.00
# Visual Studio Version 17
VisualStudioVersion = 17.6.33712.159
MinimumVisualStudioVersion = 10.0.40219.1
Project("{FAE04EC0-301F-11D3-BF4B-00C04F79EFBC}") = "csharp25", "csharp25\csharp25.csproj", "{5FED5080-B2FF-4739-AF1C-F6258F3DBECD}"
EndProject
Global
	GlobalSection(SolutionConfigurationPlatforms) = preSolution
		Debug|Any CPU = Debug|Any CPU
		Release|Any CPU = Release|Any CPU
	EndGlobalSection
	GlobalSection(ProjectConfigurationPlatforms) = postSolution
		{5FED5080-B2FF-4739-AF1C-F6258F3DBECD}.Debug|Any CPU.ActiveCfg = Debug|Any CPU
		{5FED5080-B2FF-4739-AF1C-F6258F3DBECD}.Debug|Any CPU.Build.0 = Debug|Any CPU
		{5FED5080-B2FF-4739-AF1C-F6258F3DBECD}.Release|Any CPU.ActiveCfg = Release|Any CPU
		{5FED5080-B2FF-4739-AF1C-F6258F3DBECD}.Release|Any CPU.Build.0 = Release|Any CPU
	EndGlobalSection
	GlobalSection(SolutionProperties) = preSolution
		HideSolutionNode = FALSE
	EndGlobalSection
	GlobalSection(ExtensibilityGlobals) = postSolution
		SolutionGuid = {75093657-6D6E-43AB-8024-D33275F2F90A}
	EndGlobalSection
EndGlobal
