
Microsoft Visual Studio Solution File, Format Version 12.00
# Visual Studio Version 17
VisualStudioVersion = 17.6.33712.159
MinimumVisualStudioVersion = 10.0.40219.1
Project("{FAE04EC0-301F-11D3-BF4B-00C04F79EFBC}") = "csharp27", "csharp27\csharp27.csproj", "{7D1F0D14-C7DF-4079-988F-5D4ED1046D17}"
EndProject
Project("{FAE04EC0-301F-11D3-BF4B-00C04F79EFBC}") = "csharp27.Tests", "csharp27.Tests\csharp27.Tests.csproj", "{546FA55F-AE98-4AF2-9CB2-610A05FFA278}"
EndProject
Global
	GlobalSection(SolutionConfigurationPlatforms) = preSolution
		Debug|Any CPU = Debug|Any CPU
		Release|Any CPU = Release|Any CPU
	EndGlobalSection
	GlobalSection(ProjectConfigurationPlatforms) = postSolution
		{7D1F0D14-C7DF-4079-988F-5D4ED1046D17}.Debug|Any CPU.ActiveCfg = Debug|Any CPU
		{7D1F0D14-C7DF-4079-988F-5D4ED1046D17}.Debug|Any CPU.Build.0 = Debug|Any CPU
		{7D1F0D14-C7DF-4079-988F-5D4ED1046D17}.Release|Any CPU.ActiveCfg = Release|Any CPU
		{7D1F0D14-C7DF-4079-988F-5D4ED1046D17}.Release|Any CPU.Build.0 = Release|Any CPU
		{546FA55F-AE98-4AF2-9CB2-610A05FFA278}.Debug|Any CPU.ActiveCfg = Debug|Any CPU
		{546FA55F-AE98-4AF2-9CB2-610A05FFA278}.Debug|Any CPU.Build.0 = Debug|Any CPU
		{546FA55F-AE98-4AF2-9CB2-610A05FFA278}.Release|Any CPU.ActiveCfg = Release|Any CPU
		{546FA55F-AE98-4AF2-9CB2-610A05FFA278}.Release|Any CPU.Build.0 = Release|Any CPU
	EndGlobalSection
	GlobalSection(SolutionProperties) = preSolution
		HideSolutionNode = FALSE
	EndGlobalSection
	GlobalSection(ExtensibilityGlobals) = postSolution
		SolutionGuid = {4D0A6589-8F92-4CE6-99DD-2849C706D9CD}
	EndGlobalSection
EndGlobal
