
Microsoft Visual Studio Solution File, Format Version 12.00
# Visual Studio Version 17
VisualStudioVersion = 17.6.33712.159
MinimumVisualStudioVersion = 10.0.40219.1
Project("{9A19103F-16F7-4668-BE54-9A1E7A4F7556}") = "CsharpKlases3_1", "CsharpKlases3_1\CsharpKlases3_1.csproj", "{A3BF811C-C6F4-4F38-99B2-4AFCB40E7B00}"
EndProject
Project("{FAE04EC0-301F-11D3-BF4B-00C04F79EFBC}") = "CsharpKlases3_1.Tests", "CsharpKlases3_1.Tests\CsharpKlases3_1.Tests.csproj", "{F87B532C-F021-493D-806E-C2234C36F2BE}"
EndProject
Global
	GlobalSection(SolutionConfigurationPlatforms) = preSolution
		Debug|Any CPU = Debug|Any CPU
		Release|Any CPU = Release|Any CPU
	EndGlobalSection
	GlobalSection(ProjectConfigurationPlatforms) = postSolution
		{A3BF811C-C6F4-4F38-99B2-4AFCB40E7B00}.Debug|Any CPU.ActiveCfg = Debug|Any CPU
		{A3BF811C-C6F4-4F38-99B2-4AFCB40E7B00}.Debug|Any CPU.Build.0 = Debug|Any CPU
		{A3BF811C-C6F4-4F38-99B2-4AFCB40E7B00}.Release|Any CPU.ActiveCfg = Release|Any CPU
		{A3BF811C-C6F4-4F38-99B2-4AFCB40E7B00}.Release|Any CPU.Build.0 = Release|Any CPU
		{F87B532C-F021-493D-806E-C2234C36F2BE}.Debug|Any CPU.ActiveCfg = Debug|Any CPU
		{F87B532C-F021-493D-806E-C2234C36F2BE}.Debug|Any CPU.Build.0 = Debug|Any CPU
		{F87B532C-F021-493D-806E-C2234C36F2BE}.Release|Any CPU.ActiveCfg = Release|Any CPU
		{F87B532C-F021-493D-806E-C2234C36F2BE}.Release|Any CPU.Build.0 = Release|Any CPU
	EndGlobalSection
	GlobalSection(SolutionProperties) = preSolution
		HideSolutionNode = FALSE
	EndGlobalSection
	GlobalSection(ExtensibilityGlobals) = postSolution
		SolutionGuid = {5998A1DF-6AE3-4481-A590-EC1EF255552A}
	EndGlobalSection
EndGlobal
