
Microsoft Visual Studio Solution File, Format Version 12.00
# Visual Studio Version 17
VisualStudioVersion = 17.6.33712.159
MinimumVisualStudioVersion = 10.0.40219.1
Project("{FAE04EC0-301F-11D3-BF4B-00C04F79EFBC}") = "methods", "methods\methods.csproj", "{D88EF856-6613-45FE-810D-4A0467A211F8}"
EndProject
Project("{FAE04EC0-301F-11D3-BF4B-00C04F79EFBC}") = "methods.Tests", "methods.Tests\methods.Tests.csproj", "{F9A104CB-516A-4483-8762-785FB1106D29}"
EndProject
Global
	GlobalSection(SolutionConfigurationPlatforms) = preSolution
		Debug|Any CPU = Debug|Any CPU
		Release|Any CPU = Release|Any CPU
	EndGlobalSection
	GlobalSection(ProjectConfigurationPlatforms) = postSolution
		{D88EF856-6613-45FE-810D-4A0467A211F8}.Debug|Any CPU.ActiveCfg = Debug|Any CPU
		{D88EF856-6613-45FE-810D-4A0467A211F8}.Debug|Any CPU.Build.0 = Debug|Any CPU
		{D88EF856-6613-45FE-810D-4A0467A211F8}.Release|Any CPU.ActiveCfg = Release|Any CPU
		{D88EF856-6613-45FE-810D-4A0467A211F8}.Release|Any CPU.Build.0 = Release|Any CPU
		{F9A104CB-516A-4483-8762-785FB1106D29}.Debug|Any CPU.ActiveCfg = Debug|Any CPU
		{F9A104CB-516A-4483-8762-785FB1106D29}.Debug|Any CPU.Build.0 = Debug|Any CPU
		{F9A104CB-516A-4483-8762-785FB1106D29}.Release|Any CPU.ActiveCfg = Release|Any CPU
		{F9A104CB-516A-4483-8762-785FB1106D29}.Release|Any CPU.Build.0 = Release|Any CPU
	EndGlobalSection
	GlobalSection(SolutionProperties) = preSolution
		HideSolutionNode = FALSE
	EndGlobalSection
	GlobalSection(ExtensibilityGlobals) = postSolution
		SolutionGuid = {FA527051-2CE4-46A1-8ABD-E3C183E03F64}
	EndGlobalSection
EndGlobal
