
Microsoft Visual Studio Solution File, Format Version 12.00
# Visual Studio Version 17
VisualStudioVersion = 17.6.33712.159
MinimumVisualStudioVersion = 10.0.40219.1
Project("{9A19103F-16F7-4668-BE54-9A1E7A4F7556}") = "csharp17_1", "csharp17_1\csharp17_1.csproj", "{0F1389EA-4979-45E1-8CF5-041D64FE27EC}"
EndProject
Project("{FAE04EC0-301F-11D3-BF4B-00C04F79EFBC}") = "csharp17_2", "csharp17_2\csharp17_2.csproj", "{715C0017-F2C8-4913-A57B-7A44D4764171}"
EndProject
Global
	GlobalSection(SolutionConfigurationPlatforms) = preSolution
		Debug|Any CPU = Debug|Any CPU
		Release|Any CPU = Release|Any CPU
	EndGlobalSection
	GlobalSection(ProjectConfigurationPlatforms) = postSolution
		{0F1389EA-4979-45E1-8CF5-041D64FE27EC}.Debug|Any CPU.ActiveCfg = Debug|Any CPU
		{0F1389EA-4979-45E1-8CF5-041D64FE27EC}.Debug|Any CPU.Build.0 = Debug|Any CPU
		{0F1389EA-4979-45E1-8CF5-041D64FE27EC}.Release|Any CPU.ActiveCfg = Release|Any CPU
		{0F1389EA-4979-45E1-8CF5-041D64FE27EC}.Release|Any CPU.Build.0 = Release|Any CPU
		{715C0017-F2C8-4913-A57B-7A44D4764171}.Debug|Any CPU.ActiveCfg = Debug|Any CPU
		{715C0017-F2C8-4913-A57B-7A44D4764171}.Debug|Any CPU.Build.0 = Debug|Any CPU
		{715C0017-F2C8-4913-A57B-7A44D4764171}.Release|Any CPU.ActiveCfg = Release|Any CPU
		{715C0017-F2C8-4913-A57B-7A44D4764171}.Release|Any CPU.Build.0 = Release|Any CPU
	EndGlobalSection
	GlobalSection(SolutionProperties) = preSolution
		HideSolutionNode = FALSE
	EndGlobalSection
	GlobalSection(ExtensibilityGlobals) = postSolution
		SolutionGuid = {9CBC6185-5030-4011-ACB7-5E7F55992BD6}
	EndGlobalSection
EndGlobal
