
Microsoft Visual Studio Solution File, Format Version 12.00
# Visual Studio Version 17
VisualStudioVersion = 17.6.33712.159
MinimumVisualStudioVersion = 10.0.40219.1
Project("{FAE04EC0-301F-11D3-BF4B-00C04F79EFBC}") = "csharp21", "csharp21\csharp21.csproj", "{FEFAE620-AF6E-4E48-BFFF-E2858D5BD1BF}"
EndProject
Global
	GlobalSection(SolutionConfigurationPlatforms) = preSolution
		Debug|Any CPU = Debug|Any CPU
		Release|Any CPU = Release|Any CPU
	EndGlobalSection
	GlobalSection(ProjectConfigurationPlatforms) = postSolution
		{FEFAE620-AF6E-4E48-BFFF-E2858D5BD1BF}.Debug|Any CPU.ActiveCfg = Debug|Any CPU
		{FEFAE620-AF6E-4E48-BFFF-E2858D5BD1BF}.Debug|Any CPU.Build.0 = Debug|Any CPU
		{FEFAE620-AF6E-4E48-BFFF-E2858D5BD1BF}.Release|Any CPU.ActiveCfg = Release|Any CPU
		{FEFAE620-AF6E-4E48-BFFF-E2858D5BD1BF}.Release|Any CPU.Build.0 = Release|Any CPU
	EndGlobalSection
	GlobalSection(SolutionProperties) = preSolution
		HideSolutionNode = FALSE
	EndGlobalSection
	GlobalSection(ExtensibilityGlobals) = postSolution
		SolutionGuid = {4F958ECC-5B5E-494A-9263-F96FFF57180B}
	EndGlobalSection
EndGlobal
