
Microsoft Visual Studio Solution File, Format Version 12.00
# Visual Studio Version 17
VisualStudioVersion = 17.6.33712.159
MinimumVisualStudioVersion = 10.0.40219.1
Project("{FAE04EC0-301F-11D3-BF4B-00C04F79EFBC}") = "csharp11_1", "csharp11_1\csharp11_1.csproj", "{15E3F79F-77ED-4CB3-B00E-6428A47201EB}"
EndProject
Global
	GlobalSection(SolutionConfigurationPlatforms) = preSolution
		Debug|Any CPU = Debug|Any CPU
		Release|Any CPU = Release|Any CPU
	EndGlobalSection
	GlobalSection(ProjectConfigurationPlatforms) = postSolution
		{15E3F79F-77ED-4CB3-B00E-6428A47201EB}.Debug|Any CPU.ActiveCfg = Debug|Any CPU
		{15E3F79F-77ED-4CB3-B00E-6428A47201EB}.Debug|Any CPU.Build.0 = Debug|Any CPU
		{15E3F79F-77ED-4CB3-B00E-6428A47201EB}.Release|Any CPU.ActiveCfg = Release|Any CPU
		{15E3F79F-77ED-4CB3-B00E-6428A47201EB}.Release|Any CPU.Build.0 = Release|Any CPU
	EndGlobalSection
	GlobalSection(SolutionProperties) = preSolution
		HideSolutionNode = FALSE
	EndGlobalSection
	GlobalSection(ExtensibilityGlobals) = postSolution
		SolutionGuid = {63666F79-9EB1-4B72-85C2-1D0F372BE430}
	EndGlobalSection
EndGlobal
