
Microsoft Visual Studio Solution File, Format Version 12.00
# Visual Studio Version 17
VisualStudioVersion = 17.6.33712.159
MinimumVisualStudioVersion = 10.0.40219.1
Project("{FAE04EC0-301F-11D3-BF4B-00C04F79EFBC}") = "single_operand_operations", "single_operand_operations\single_operand_operations.csproj", "{48B97CFC-7749-498B-B1DB-D5DDD6DE51D4}"
EndProject
Project("{FAE04EC0-301F-11D3-BF4B-00C04F79EFBC}") = "advanced_assign_operations", "advanced_assign_operations\advanced_assign_operations.csproj", "{0DEFDBCF-1A53-4611-B9C1-76017FBE4B61}"
EndProject
Project("{FAE04EC0-301F-11D3-BF4B-00C04F79EFBC}") = "loop_for", "loop_for\loop_for.csproj", "{74E179D7-A842-4F55-AD01-47E0153B6370}"
EndProject
Project("{FAE04EC0-301F-11D3-BF4B-00C04F79EFBC}") = "loop_while", "loop_while\loop_while.csproj", "{10472C81-8BFB-41C5-97C4-569708C3B757}"
EndProject
Project("{FAE04EC0-301F-11D3-BF4B-00C04F79EFBC}") = "loop_do_while", "loop_do_while\loop_do_while.csproj", "{19B839BE-D363-4927-BF8B-4924BF87B6E6}"
EndProject
Global
	GlobalSection(SolutionConfigurationPlatforms) = preSolution
		Debug|Any CPU = Debug|Any CPU
		Release|Any CPU = Release|Any CPU
	EndGlobalSection
	GlobalSection(ProjectConfigurationPlatforms) = postSolution
		{48B97CFC-7749-498B-B1DB-D5DDD6DE51D4}.Debug|Any CPU.ActiveCfg = Debug|Any CPU
		{48B97CFC-7749-498B-B1DB-D5DDD6DE51D4}.Debug|Any CPU.Build.0 = Debug|Any CPU
		{48B97CFC-7749-498B-B1DB-D5DDD6DE51D4}.Release|Any CPU.ActiveCfg = Release|Any CPU
		{48B97CFC-7749-498B-B1DB-D5DDD6DE51D4}.Release|Any CPU.Build.0 = Release|Any CPU
		{0DEFDBCF-1A53-4611-B9C1-76017FBE4B61}.Debug|Any CPU.ActiveCfg = Debug|Any CPU
		{0DEFDBCF-1A53-4611-B9C1-76017FBE4B61}.Debug|Any CPU.Build.0 = Debug|Any CPU
		{0DEFDBCF-1A53-4611-B9C1-76017FBE4B61}.Release|Any CPU.ActiveCfg = Release|Any CPU
		{0DEFDBCF-1A53-4611-B9C1-76017FBE4B61}.Release|Any CPU.Build.0 = Release|Any CPU
		{74E179D7-A842-4F55-AD01-47E0153B6370}.Debug|Any CPU.ActiveCfg = Debug|Any CPU
		{74E179D7-A842-4F55-AD01-47E0153B6370}.Debug|Any CPU.Build.0 = Debug|Any CPU
		{74E179D7-A842-4F55-AD01-47E0153B6370}.Release|Any CPU.ActiveCfg = Release|Any CPU
		{74E179D7-A842-4F55-AD01-47E0153B6370}.Release|Any CPU.Build.0 = Release|Any CPU
		{10472C81-8BFB-41C5-97C4-569708C3B757}.Debug|Any CPU.ActiveCfg = Debug|Any CPU
		{10472C81-8BFB-41C5-97C4-569708C3B757}.Debug|Any CPU.Build.0 = Debug|Any CPU
		{10472C81-8BFB-41C5-97C4-569708C3B757}.Release|Any CPU.ActiveCfg = Release|Any CPU
		{10472C81-8BFB-41C5-97C4-569708C3B757}.Release|Any CPU.Build.0 = Release|Any CPU
		{19B839BE-D363-4927-BF8B-4924BF87B6E6}.Debug|Any CPU.ActiveCfg = Debug|Any CPU
		{19B839BE-D363-4927-BF8B-4924BF87B6E6}.Debug|Any CPU.Build.0 = Debug|Any CPU
		{19B839BE-D363-4927-BF8B-4924BF87B6E6}.Release|Any CPU.ActiveCfg = Release|Any CPU
		{19B839BE-D363-4927-BF8B-4924BF87B6E6}.Release|Any CPU.Build.0 = Release|Any CPU
	EndGlobalSection
	GlobalSection(SolutionProperties) = preSolution
		HideSolutionNode = FALSE
	EndGlobalSection
	GlobalSection(ExtensibilityGlobals) = postSolution
		SolutionGuid = {62B07E97-1291-4A9B-8365-CEA120AA14CD}
	EndGlobalSection
EndGlobal
