
Microsoft Visual Studio Solution File, Format Version 12.00
# Visual Studio Version 17
VisualStudioVersion = 17.6.33712.159
MinimumVisualStudioVersion = 10.0.40219.1
Project("{FAE04EC0-301F-11D3-BF4B-00C04F79EFBC}") = "CsharpKlases2", "CsharpKlases2\CsharpKlases2.csproj", "{296151BA-0E99-4D99-AD4C-03B40F8E1F97}"
EndProject
Global
	GlobalSection(SolutionConfigurationPlatforms) = preSolution
		Debug|Any CPU = Debug|Any CPU
		Release|Any CPU = Release|Any CPU
	EndGlobalSection
	GlobalSection(ProjectConfigurationPlatforms) = postSolution
		{296151BA-0E99-4D99-AD4C-03B40F8E1F97}.Debug|Any CPU.ActiveCfg = Debug|Any CPU
		{296151BA-0E99-4D99-AD4C-03B40F8E1F97}.Debug|Any CPU.Build.0 = Debug|Any CPU
		{296151BA-0E99-4D99-AD4C-03B40F8E1F97}.Release|Any CPU.ActiveCfg = Release|Any CPU
		{296151BA-0E99-4D99-AD4C-03B40F8E1F97}.Release|Any CPU.Build.0 = Release|Any CPU
	EndGlobalSection
	GlobalSection(SolutionProperties) = preSolution
		HideSolutionNode = FALSE
	EndGlobalSection
	GlobalSection(ExtensibilityGlobals) = postSolution
		SolutionGuid = {0F9F42C2-6F4E-4CC3-9811-0A18EEEBF493}
	EndGlobalSection
EndGlobal
