
Microsoft Visual Studio Solution File, Format Version 12.00
# Visual Studio Version 17
VisualStudioVersion = 17.6.33712.159
MinimumVisualStudioVersion = 10.0.40219.1
Project("{FAE04EC0-301F-11D3-BF4B-00C04F79EFBC}") = "list_intro", "list_intro\list_intro.csproj", "{49722ADC-56D9-4836-B3BB-ECB7AD83E9F2}"
EndProject
Global
	GlobalSection(SolutionConfigurationPlatforms) = preSolution
		Debug|Any CPU = Debug|Any CPU
		Release|Any CPU = Release|Any CPU
	EndGlobalSection
	GlobalSection(ProjectConfigurationPlatforms) = postSolution
		{49722ADC-56D9-4836-B3BB-ECB7AD83E9F2}.Debug|Any CPU.ActiveCfg = Debug|Any CPU
		{49722ADC-56D9-4836-B3BB-ECB7AD83E9F2}.Debug|Any CPU.Build.0 = Debug|Any CPU
		{49722ADC-56D9-4836-B3BB-ECB7AD83E9F2}.Release|Any CPU.ActiveCfg = Release|Any CPU
		{49722ADC-56D9-4836-B3BB-ECB7AD83E9F2}.Release|Any CPU.Build.0 = Release|Any CPU
	EndGlobalSection
	GlobalSection(SolutionProperties) = preSolution
		HideSolutionNode = FALSE
	EndGlobalSection
	GlobalSection(ExtensibilityGlobals) = postSolution
		SolutionGuid = {0131A267-67F2-426A-BB23-AD01BF0B8B70}
	EndGlobalSection
EndGlobal
