
Microsoft Visual Studio Solution File, Format Version 12.00
# Visual Studio Version 17
VisualStudioVersion = 17.6.33712.159
MinimumVisualStudioVersion = 10.0.40219.1
Project("{FAE04EC0-301F-11D3-BF4B-00C04F79EFBC}") = "CSharpKlases5", "CSharpKlases5\CSharpKlases5.csproj", "{F720626E-6D87-49F3-BE9D-FA6740493F96}"
EndProject
Global
	GlobalSection(SolutionConfigurationPlatforms) = preSolution
		Debug|Any CPU = Debug|Any CPU
		Release|Any CPU = Release|Any CPU
	EndGlobalSection
	GlobalSection(ProjectConfigurationPlatforms) = postSolution
		{F720626E-6D87-49F3-BE9D-FA6740493F96}.Debug|Any CPU.ActiveCfg = Debug|Any CPU
		{F720626E-6D87-49F3-BE9D-FA6740493F96}.Debug|Any CPU.Build.0 = Debug|Any CPU
		{F720626E-6D87-49F3-BE9D-FA6740493F96}.Release|Any CPU.ActiveCfg = Release|Any CPU
		{F720626E-6D87-49F3-BE9D-FA6740493F96}.Release|Any CPU.Build.0 = Release|Any CPU
	EndGlobalSection
	GlobalSection(SolutionProperties) = preSolution
		HideSolutionNode = FALSE
	EndGlobalSection
	GlobalSection(ExtensibilityGlobals) = postSolution
		SolutionGuid = {0D70CDF6-DFCF-4DA1-81A4-19E415A13442}
	EndGlobalSection
EndGlobal
