
Microsoft Visual Studio Solution File, Format Version 12.00
# Visual Studio Version 17
VisualStudioVersion = 17.6.33712.159
MinimumVisualStudioVersion = 10.0.40219.1
Project("{9A19103F-16F7-4668-BE54-9A1E7A4F7556}") = "csharp10_1", "csharp10_1\csharp10_1.csproj", "{C70BEA20-88BA-4C29-A17A-596E92A7B83B}"
EndProject
Project("{FAE04EC0-301F-11D3-BF4B-00C04F79EFBC}") = "csharp10_2", "csharp10_2\csharp10_2.csproj", "{57112432-915C-4C0A-A1EE-95513A7A0AA2}"
EndProject
Project("{FAE04EC0-301F-11D3-BF4B-00C04F79EFBC}") = "csharp10_3", "csharp10_3\csharp10_3.csproj", "{2EBE8372-22D2-421E-85AF-BC38247A5E33}"
EndProject
Project("{FAE04EC0-301F-11D3-BF4B-00C04F79EFBC}") = "csharp10_4", "csharp10_4\csharp10_4.csproj", "{0A7F3C0B-95C7-4555-B5FB-D9E0E1A769DF}"
EndProject
Project("{FAE04EC0-301F-11D3-BF4B-00C04F79EFBC}") = "csharp10_5", "csharp10_5\csharp10_5.csproj", "{4D660A30-1835-4EA7-924D-425AD4EFDF01}"
EndProject
Global
	GlobalSection(SolutionConfigurationPlatforms) = preSolution
		Debug|Any CPU = Debug|Any CPU
		Release|Any CPU = Release|Any CPU
	EndGlobalSection
	GlobalSection(ProjectConfigurationPlatforms) = postSolution
		{C70BEA20-88BA-4C29-A17A-596E92A7B83B}.Debug|Any CPU.ActiveCfg = Debug|Any CPU
		{C70BEA20-88BA-4C29-A17A-596E92A7B83B}.Debug|Any CPU.Build.0 = Debug|Any CPU
		{C70BEA20-88BA-4C29-A17A-596E92A7B83B}.Release|Any CPU.ActiveCfg = Release|Any CPU
		{C70BEA20-88BA-4C29-A17A-596E92A7B83B}.Release|Any CPU.Build.0 = Release|Any CPU
		{57112432-915C-4C0A-A1EE-95513A7A0AA2}.Debug|Any CPU.ActiveCfg = Debug|Any CPU
		{57112432-915C-4C0A-A1EE-95513A7A0AA2}.Debug|Any CPU.Build.0 = Debug|Any CPU
		{57112432-915C-4C0A-A1EE-95513A7A0AA2}.Release|Any CPU.ActiveCfg = Release|Any CPU
		{57112432-915C-4C0A-A1EE-95513A7A0AA2}.Release|Any CPU.Build.0 = Release|Any CPU
		{2EBE8372-22D2-421E-85AF-BC38247A5E33}.Debug|Any CPU.ActiveCfg = Debug|Any CPU
		{2EBE8372-22D2-421E-85AF-BC38247A5E33}.Debug|Any CPU.Build.0 = Debug|Any CPU
		{2EBE8372-22D2-421E-85AF-BC38247A5E33}.Release|Any CPU.ActiveCfg = Release|Any CPU
		{2EBE8372-22D2-421E-85AF-BC38247A5E33}.Release|Any CPU.Build.0 = Release|Any CPU
		{0A7F3C0B-95C7-4555-B5FB-D9E0E1A769DF}.Debug|Any CPU.ActiveCfg = Debug|Any CPU
		{0A7F3C0B-95C7-4555-B5FB-D9E0E1A769DF}.Debug|Any CPU.Build.0 = Debug|Any CPU
		{0A7F3C0B-95C7-4555-B5FB-D9E0E1A769DF}.Release|Any CPU.ActiveCfg = Release|Any CPU
		{0A7F3C0B-95C7-4555-B5FB-D9E0E1A769DF}.Release|Any CPU.Build.0 = Release|Any CPU
		{4D660A30-1835-4EA7-924D-425AD4EFDF01}.Debug|Any CPU.ActiveCfg = Debug|Any CPU
		{4D660A30-1835-4EA7-924D-425AD4EFDF01}.Debug|Any CPU.Build.0 = Debug|Any CPU
		{4D660A30-1835-4EA7-924D-425AD4EFDF01}.Release|Any CPU.ActiveCfg = Release|Any CPU
		{4D660A30-1835-4EA7-924D-425AD4EFDF01}.Release|Any CPU.Build.0 = Release|Any CPU
	EndGlobalSection
	GlobalSection(SolutionProperties) = preSolution
		HideSolutionNode = FALSE
	EndGlobalSection
	GlobalSection(ExtensibilityGlobals) = postSolution
		SolutionGuid = {195034EE-6255-431A-924B-E625C7DE86DA}
	EndGlobalSection
EndGlobal
