
Microsoft Visual Studio Solution File, Format Version 12.00
# Visual Studio Version 17
VisualStudioVersion = 17.6.33712.159
MinimumVisualStudioVersion = 10.0.40219.1
Project("{FAE04EC0-301F-11D3-BF4B-00C04F79EFBC}") = "csharp34", "csharp34\csharp34.csproj", "{A9E9935A-4CD6-495C-9EA2-5CCAD9356042}"
EndProject
Global
	GlobalSection(SolutionConfigurationPlatforms) = preSolution
		Debug|Any CPU = Debug|Any CPU
		Release|Any CPU = Release|Any CPU
	EndGlobalSection
	GlobalSection(ProjectConfigurationPlatforms) = postSolution
		{A9E9935A-4CD6-495C-9EA2-5CCAD9356042}.Debug|Any CPU.ActiveCfg = Debug|Any CPU
		{A9E9935A-4CD6-495C-9EA2-5CCAD9356042}.Debug|Any CPU.Build.0 = Debug|Any CPU
		{A9E9935A-4CD6-495C-9EA2-5CCAD9356042}.Release|Any CPU.ActiveCfg = Release|Any CPU
		{A9E9935A-4CD6-495C-9EA2-5CCAD9356042}.Release|Any CPU.Build.0 = Release|Any CPU
	EndGlobalSection
	GlobalSection(SolutionProperties) = preSolution
		HideSolutionNode = FALSE
	EndGlobalSection
	GlobalSection(ExtensibilityGlobals) = postSolution
		SolutionGuid = {FF99B764-C695-48EA-A480-F9734B4578D3}
	EndGlobalSection
EndGlobal
