
Microsoft Visual Studio Solution File, Format Version 12.00
# Visual Studio Version 17
VisualStudioVersion = 17.6.33712.159
MinimumVisualStudioVersion = 10.0.40219.1
Project("{FAE04EC0-301F-11D3-BF4B-00C04F79EFBC}") = "csharp30", "csharp30\csharp30.csproj", "{EE645085-6B3D-4CF0-9054-DDE77E7B2694}"
EndProject
Project("{FAE04EC0-301F-11D3-BF4B-00C04F79EFBC}") = "csharp30.Tests", "csharp30.Tests\csharp30.Tests.csproj", "{35740A10-4D69-48B7-8E79-1C3FE1E48C33}"
EndProject
Global
	GlobalSection(SolutionConfigurationPlatforms) = preSolution
		Debug|Any CPU = Debug|Any CPU
		Release|Any CPU = Release|Any CPU
	EndGlobalSection
	GlobalSection(ProjectConfigurationPlatforms) = postSolution
		{EE645085-6B3D-4CF0-9054-DDE77E7B2694}.Debug|Any CPU.ActiveCfg = Debug|Any CPU
		{EE645085-6B3D-4CF0-9054-DDE77E7B2694}.Debug|Any CPU.Build.0 = Debug|Any CPU
		{EE645085-6B3D-4CF0-9054-DDE77E7B2694}.Release|Any CPU.ActiveCfg = Release|Any CPU
		{EE645085-6B3D-4CF0-9054-DDE77E7B2694}.Release|Any CPU.Build.0 = Release|Any CPU
		{35740A10-4D69-48B7-8E79-1C3FE1E48C33}.Debug|Any CPU.ActiveCfg = Debug|Any CPU
		{35740A10-4D69-48B7-8E79-1C3FE1E48C33}.Debug|Any CPU.Build.0 = Debug|Any CPU
		{35740A10-4D69-48B7-8E79-1C3FE1E48C33}.Release|Any CPU.ActiveCfg = Release|Any CPU
		{35740A10-4D69-48B7-8E79-1C3FE1E48C33}.Release|Any CPU.Build.0 = Release|Any CPU
	EndGlobalSection
	GlobalSection(SolutionProperties) = preSolution
		HideSolutionNode = FALSE
	EndGlobalSection
	GlobalSection(ExtensibilityGlobals) = postSolution
		SolutionGuid = {B1407264-6977-4361-B0D6-55F55EA98F86}
	EndGlobalSection
EndGlobal
